// !$*UTF8*$!
{
	archiveVersion = 1;
	classes = {
	};
	objectVersion = 51;
	objects = {

/* Begin PBXBuildFile section */
		4F0775E08644F9510B7B7234 /* Pods_HYMusic_Login.framework in Frameworks */ = {isa = PBXBuildFile; fileRef = 3019209CFBA6CD2537893D7F /* Pods_HYMusic_Login.framework */; };
		921018EB240C9EAA00B6CEEE /* CTMediator+HYLogin.m in Sources */ = {isa = PBXBuildFile; fileRef = 921018EA240C9EAA00B6CEEE /* CTMediator+HYLogin.m */; };
		9263907023C82115001CCB03 /* AppDelegate.m in Sources */ = {isa = PBXBuildFile; fileRef = 9263906F23C82115001CCB03 /* AppDelegate.m */; };
		9263907323C82115001CCB03 /* SceneDelegate.m in Sources */ = {isa = PBXBuildFile; fileRef = 9263907223C82115001CCB03 /* SceneDelegate.m */; };
		9263907623C82115001CCB03 /* ViewController.m in Sources */ = {isa = PBXBuildFile; fileRef = 9263907523C82115001CCB03 /* ViewController.m */; };
		9263907923C82115001CCB03 /* Main.storyboard in Resources */ = {isa = PBXBuildFile; fileRef = 9263907723C82115001CCB03 /* Main.storyboard */; };
		9263907B23C82115001CCB03 /* Assets.xcassets in Resources */ = {isa = PBXBuildFile; fileRef = 9263907A23C82115001CCB03 /* Assets.xcassets */; };
		9263907E23C82115001CCB03 /* LaunchScreen.storyboard in Resources */ = {isa = PBXBuildFile; fileRef = 9263907C23C82115001CCB03 /* LaunchScreen.storyboard */; };
		9263908123C82115001CCB03 /* main.m in Sources */ = {isa = PBXBuildFile; fileRef = 9263908023C82115001CCB03 /* main.m */; };
		926390C423C85A0D001CCB03 /* CTMediator+Login.m in Sources */ = {isa = PBXBuildFile; fileRef = 926390C323C85A0D001CCB03 /* CTMediator+Login.m */; };
		926B98CC23D450880009A33B /* Target_ZYAppContext.m in Sources */ = {isa = PBXBuildFile; fileRef = 926B98CB23D450870009A33B /* Target_ZYAppContext.m */; };
		926B98CF23D450F10009A33B /* LoginViewController.m in Sources */ = {isa = PBXBuildFile; fileRef = 926B98CE23D450F10009A33B /* LoginViewController.m */; };
		926B98DD23D463870009A33B /* 手机号.png in Resources */ = {isa = PBXBuildFile; fileRef = 926B98D323D463860009A33B /* 手机号.png */; };
		926B98DE23D463870009A33B /* 验证码按钮.png in Resources */ = {isa = PBXBuildFile; fileRef = 926B98D423D463860009A33B /* 验证码按钮.png */; };
		926B98DF23D463870009A33B /* QQ登录.png in Resources */ = {isa = PBXBuildFile; fileRef = 926B98D523D463870009A33B /* QQ登录.png */; };
		926B98E023D463870009A33B /* 微信登录.png in Resources */ = {isa = PBXBuildFile; fileRef = 926B98D623D463870009A33B /* 微信登录.png */; };
		926B98E123D463870009A33B /* 隐藏密码.png in Resources */ = {isa = PBXBuildFile; fileRef = 926B98D723D463870009A33B /* 隐藏密码.png */; };
		926B98E223D463870009A33B /* 展示密码.png in Resources */ = {isa = PBXBuildFile; fileRef = 926B98D823D463870009A33B /* 展示密码.png */; };
		926B98E323D463870009A33B /* 验证码.png in Resources */ = {isa = PBXBuildFile; fileRef = 926B98D923D463870009A33B /* 验证码.png */; };
		926B98E423D463870009A33B /* 密码.png in Resources */ = {isa = PBXBuildFile; fileRef = 926B98DA23D463870009A33B /* 密码.png */; };
		926B98E523D463870009A33B /* 登陆按钮.png in Resources */ = {isa = PBXBuildFile; fileRef = 926B98DB23D463870009A33B /* 登陆按钮.png */; };
		926B98E623D463870009A33B /* 微博登录.png in Resources */ = {isa = PBXBuildFile; fileRef = 926B98DC23D463870009A33B /* 微博登录.png */; };
		926B98E923D463D80009A33B /* LoginView.m in Sources */ = {isa = PBXBuildFile; fileRef = 926B98E823D463D80009A33B /* LoginView.m */; };
		926B98EB24036D200009A33B /* HYLoginView.xib in Resources */ = {isa = PBXBuildFile; fileRef = 926B98EA24036D200009A33B /* HYLoginView.xib */; };
		926B98ED24036E570009A33B /* loginIcon.png in Resources */ = {isa = PBXBuildFile; fileRef = 926B98EC24036E570009A33B /* loginIcon.png */; };
		926B98F324037BAA0009A33B /* RegisterView.m in Sources */ = {isa = PBXBuildFile; fileRef = 926B98F224037BAA0009A33B /* RegisterView.m */; };
		926B98F524037CD80009A33B /* registerView.xib in Resources */ = {isa = PBXBuildFile; fileRef = 926B98F424037CD80009A33B /* registerView.xib */; };
		926B98F8240381230009A33B /* resetView.m in Sources */ = {isa = PBXBuildFile; fileRef = 926B98F7240381230009A33B /* resetView.m */; };
		926B98FA2403812F0009A33B /* resetView.xib in Resources */ = {isa = PBXBuildFile; fileRef = 926B98F92403812F0009A33B /* resetView.xib */; };
		926B98FD2403A0CE0009A33B /* Target_Login.m in Sources */ = {isa = PBXBuildFile; fileRef = 926B98FC2403A0CE0009A33B /* Target_Login.m */; };
		926B99002403BD380009A33B /* LoginViewFactory.m in Sources */ = {isa = PBXBuildFile; fileRef = 926B98FF2403BD380009A33B /* LoginViewFactory.m */; };
		926B99042404D7210009A33B /* LoginService.m in Sources */ = {isa = PBXBuildFile; fileRef = 926B99032404D7210009A33B /* LoginService.m */; };
		926B990824050F850009A33B /* Target_LoginService.m in Sources */ = {isa = PBXBuildFile; fileRef = 926B990724050F850009A33B /* Target_LoginService.m */; };
		926B990F240511F00009A33B /* LoginAPIManager.m in Sources */ = {isa = PBXBuildFile; fileRef = 926B990E240511F00009A33B /* LoginAPIManager.m */; };
		926B991224051BB50009A33B /* LoginViewModel.m in Sources */ = {isa = PBXBuildFile; fileRef = 926B991124051BB50009A33B /* LoginViewModel.m */; };
		926B991924052D5E0009A33B /* SMSAPIManager.m in Sources */ = {isa = PBXBuildFile; fileRef = 926B991824052D5E0009A33B /* SMSAPIManager.m */; };
		926B991C24052D8A0009A33B /* ValidationAPIManager.m in Sources */ = {isa = PBXBuildFile; fileRef = 926B991B24052D8A0009A33B /* ValidationAPIManager.m */; };
		926B991F24052D9E0009A33B /* RegisterAPIManager.m in Sources */ = {isa = PBXBuildFile; fileRef = 926B991E24052D9E0009A33B /* RegisterAPIManager.m */; };
		926B992224052DAB0009A33B /* ResetAPIManager.m in Sources */ = {isa = PBXBuildFile; fileRef = 926B992124052DAB0009A33B /* ResetAPIManager.m */; };
		926B992424061CC90009A33B /* ChangePassword.xib in Resources */ = {isa = PBXBuildFile; fileRef = 926B992324061CC90009A33B /* ChangePassword.xib */; };
		926B9927240629F80009A33B /* ChangePasswordView.m in Sources */ = {isa = PBXBuildFile; fileRef = 926B9926240629F80009A33B /* ChangePasswordView.m */; };
		926B992A24062C2F0009A33B /* CHangePasswordAPIManager.m in Sources */ = {isa = PBXBuildFile; fileRef = 926B992924062C2F0009A33B /* CHangePasswordAPIManager.m */; };
/* End PBXBuildFile section */

/* Begin PBXFileReference section */
		3019209CFBA6CD2537893D7F /* Pods_HYMusic_Login.framework */ = {isa = PBXFileReference; explicitFileType = wrapper.framework; includeInIndex = 0; path = Pods_HYMusic_Login.framework; sourceTree = BUILT_PRODUCTS_DIR; };
		921018E9240C9EAA00B6CEEE /* CTMediator+HYLogin.h */ = {isa = PBXFileReference; lastKnownFileType = sourcecode.c.h; path = "CTMediator+HYLogin.h"; sourceTree = "<group>"; };
		921018EA240C9EAA00B6CEEE /* CTMediator+HYLogin.m */ = {isa = PBXFileReference; lastKnownFileType = sourcecode.c.objc; path = "CTMediator+HYLogin.m"; sourceTree = "<group>"; };
		9263906B23C82115001CCB03 /* HYMusic_Login.app */ = {isa = PBXFileReference; explicitFileType = wrapper.application; includeInIndex = 0; path = HYMusic_Login.app; sourceTree = BUILT_PRODUCTS_DIR; };
		9263906E23C82115001CCB03 /* AppDelegate.h */ = {isa = PBXFileReference; lastKnownFileType = sourcecode.c.h; path = AppDelegate.h; sourceTree = "<group>"; };
		9263906F23C82115001CCB03 /* AppDelegate.m */ = {isa = PBXFileReference; lastKnownFileType = sourcecode.c.objc; path = AppDelegate.m; sourceTree = "<group>"; };
		9263907123C82115001CCB03 /* SceneDelegate.h */ = {isa = PBXFileReference; lastKnownFileType = sourcecode.c.h; path = SceneDelegate.h; sourceTree = "<group>"; };
		9263907223C82115001CCB03 /* SceneDelegate.m */ = {isa = PBXFileReference; lastKnownFileType = sourcecode.c.objc; path = SceneDelegate.m; sourceTree = "<group>"; };
		9263907423C82115001CCB03 /* ViewController.h */ = {isa = PBXFileReference; lastKnownFileType = sourcecode.c.h; path = ViewController.h; sourceTree = "<group>"; };
		9263907523C82115001CCB03 /* ViewController.m */ = {isa = PBXFileReference; lastKnownFileType = sourcecode.c.objc; path = ViewController.m; sourceTree = "<group>"; };
		9263907823C82115001CCB03 /* Base */ = {isa = PBXFileReference; lastKnownFileType = file.storyboard; name = Base; path = Base.lproj/Main.storyboard; sourceTree = "<group>"; };
		9263907A23C82115001CCB03 /* Assets.xcassets */ = {isa = PBXFileReference; lastKnownFileType = folder.assetcatalog; path = Assets.xcassets; sourceTree = "<group>"; };
		9263907D23C82115001CCB03 /* Base */ = {isa = PBXFileReference; lastKnownFileType = file.storyboard; name = Base; path = Base.lproj/LaunchScreen.storyboard; sourceTree = "<group>"; };
		9263907F23C82115001CCB03 /* Info.plist */ = {isa = PBXFileReference; lastKnownFileType = text.plist.xml; path = Info.plist; sourceTree = "<group>"; };
		9263908023C82115001CCB03 /* main.m */ = {isa = PBXFileReference; lastKnownFileType = sourcecode.c.objc; path = main.m; sourceTree = "<group>"; };
		926390C223C85A0D001CCB03 /* CTMediator+Login.h */ = {isa = PBXFileReference; fileEncoding = 4; lastKnownFileType = sourcecode.c.h; path = "CTMediator+Login.h"; sourceTree = "<group>"; };
		926390C323C85A0D001CCB03 /* CTMediator+Login.m */ = {isa = PBXFileReference; fileEncoding = 4; lastKnownFileType = sourcecode.c.objc; path = "CTMediator+Login.m"; sourceTree = "<group>"; };
		926B98CA23D450870009A33B /* Target_ZYAppContext.h */ = {isa = PBXFileReference; lastKnownFileType = sourcecode.c.h; path = Target_ZYAppContext.h; sourceTree = "<group>"; };
		926B98CB23D450870009A33B /* Target_ZYAppContext.m */ = {isa = PBXFileReference; lastKnownFileType = sourcecode.c.objc; path = Target_ZYAppContext.m; sourceTree = "<group>"; };
		926B98CD23D450F10009A33B /* LoginViewController.h */ = {isa = PBXFileReference; lastKnownFileType = sourcecode.c.h; path = LoginViewController.h; sourceTree = "<group>"; };
		926B98CE23D450F10009A33B /* LoginViewController.m */ = {isa = PBXFileReference; lastKnownFileType = sourcecode.c.objc; path = LoginViewController.m; sourceTree = "<group>"; };
		926B98D323D463860009A33B /* 手机号.png */ = {isa = PBXFileReference; lastKnownFileType = image.png; path = "手机号.png"; sourceTree = "<group>"; };
		926B98D423D463860009A33B /* 验证码按钮.png */ = {isa = PBXFileReference; lastKnownFileType = image.png; path = "验证码按钮.png"; sourceTree = "<group>"; };
		926B98D523D463870009A33B /* QQ登录.png */ = {isa = PBXFileReference; lastKnownFileType = image.png; path = "QQ登录.png"; sourceTree = "<group>"; };
		926B98D623D463870009A33B /* 微信登录.png */ = {isa = PBXFileReference; lastKnownFileType = image.png; path = "微信登录.png"; sourceTree = "<group>"; };
		926B98D723D463870009A33B /* 隐藏密码.png */ = {isa = PBXFileReference; lastKnownFileType = image.png; path = "隐藏密码.png"; sourceTree = "<group>"; };
		926B98D823D463870009A33B /* 展示密码.png */ = {isa = PBXFileReference; lastKnownFileType = image.png; path = "展示密码.png"; sourceTree = "<group>"; };
		926B98D923D463870009A33B /* 验证码.png */ = {isa = PBXFileReference; lastKnownFileType = image.png; path = "验证码.png"; sourceTree = "<group>"; };
		926B98DA23D463870009A33B /* 密码.png */ = {isa = PBXFileReference; lastKnownFileType = image.png; path = "密码.png"; sourceTree = "<group>"; };
		926B98DB23D463870009A33B /* 登陆按钮.png */ = {isa = PBXFileReference; lastKnownFileType = image.png; path = "登陆按钮.png"; sourceTree = "<group>"; };
		926B98DC23D463870009A33B /* 微博登录.png */ = {isa = PBXFileReference; lastKnownFileType = image.png; path = "微博登录.png"; sourceTree = "<group>"; };
		926B98E723D463D80009A33B /* LoginView.h */ = {isa = PBXFileReference; lastKnownFileType = sourcecode.c.h; path = LoginView.h; sourceTree = "<group>"; };
		926B98E823D463D80009A33B /* LoginView.m */ = {isa = PBXFileReference; lastKnownFileType = sourcecode.c.objc; path = LoginView.m; sourceTree = "<group>"; };
		926B98EA24036D200009A33B /* HYLoginView.xib */ = {isa = PBXFileReference; lastKnownFileType = file.xib; path = HYLoginView.xib; sourceTree = "<group>"; };
		926B98EC24036E570009A33B /* loginIcon.png */ = {isa = PBXFileReference; lastKnownFileType = image.png; path = loginIcon.png; sourceTree = "<group>"; };
		926B98F124037BAA0009A33B /* RegisterView.h */ = {isa = PBXFileReference; lastKnownFileType = sourcecode.c.h; path = RegisterView.h; sourceTree = "<group>"; };
		926B98F224037BAA0009A33B /* RegisterView.m */ = {isa = PBXFileReference; lastKnownFileType = sourcecode.c.objc; path = RegisterView.m; sourceTree = "<group>"; };
		926B98F424037CD80009A33B /* registerView.xib */ = {isa = PBXFileReference; lastKnownFileType = file.xib; path = registerView.xib; sourceTree = "<group>"; };
		926B98F6240381230009A33B /* resetView.h */ = {isa = PBXFileReference; lastKnownFileType = sourcecode.c.h; path = resetView.h; sourceTree = "<group>"; };
		926B98F7240381230009A33B /* resetView.m */ = {isa = PBXFileReference; lastKnownFileType = sourcecode.c.objc; path = resetView.m; sourceTree = "<group>"; };
		926B98F92403812F0009A33B /* resetView.xib */ = {isa = PBXFileReference; lastKnownFileType = file.xib; path = resetView.xib; sourceTree = "<group>"; };
		926B98FB2403A0CE0009A33B /* Target_Login.h */ = {isa = PBXFileReference; lastKnownFileType = sourcecode.c.h; path = Target_Login.h; sourceTree = "<group>"; };
		926B98FC2403A0CE0009A33B /* Target_Login.m */ = {isa = PBXFileReference; lastKnownFileType = sourcecode.c.objc; path = Target_Login.m; sourceTree = "<group>"; };
		926B98FE2403BD380009A33B /* LoginViewFactory.h */ = {isa = PBXFileReference; lastKnownFileType = sourcecode.c.h; path = LoginViewFactory.h; sourceTree = "<group>"; };
		926B98FF2403BD380009A33B /* LoginViewFactory.m */ = {isa = PBXFileReference; lastKnownFileType = sourcecode.c.objc; path = LoginViewFactory.m; sourceTree = "<group>"; };
		926B99022404D7210009A33B /* LoginService.h */ = {isa = PBXFileReference; lastKnownFileType = sourcecode.c.h; path = LoginService.h; sourceTree = "<group>"; };
		926B99032404D7210009A33B /* LoginService.m */ = {isa = PBXFileReference; lastKnownFileType = sourcecode.c.objc; path = LoginService.m; sourceTree = "<group>"; };
		926B990624050F850009A33B /* Target_LoginService.h */ = {isa = PBXFileReference; lastKnownFileType = sourcecode.c.h; path = Target_LoginService.h; sourceTree = "<group>"; };
		926B990724050F850009A33B /* Target_LoginService.m */ = {isa = PBXFileReference; lastKnownFileType = sourcecode.c.objc; path = Target_LoginService.m; sourceTree = "<group>"; };
		926B990D240511F00009A33B /* LoginAPIManager.h */ = {isa = PBXFileReference; lastKnownFileType = sourcecode.c.h; path = LoginAPIManager.h; sourceTree = "<group>"; };
		926B990E240511F00009A33B /* LoginAPIManager.m */ = {isa = PBXFileReference; lastKnownFileType = sourcecode.c.objc; path = LoginAPIManager.m; sourceTree = "<group>"; };
		926B991024051BB50009A33B /* LoginViewModel.h */ = {isa = PBXFileReference; lastKnownFileType = sourcecode.c.h; path = LoginViewModel.h; sourceTree = "<group>"; };
		926B991124051BB50009A33B /* LoginViewModel.m */ = {isa = PBXFileReference; lastKnownFileType = sourcecode.c.objc; path = LoginViewModel.m; sourceTree = "<group>"; };
		926B9916240524990009A33B /* LoginViewModelKey.h */ = {isa = PBXFileReference; lastKnownFileType = sourcecode.c.h; path = LoginViewModelKey.h; sourceTree = "<group>"; };
		926B991724052D5E0009A33B /* SMSAPIManager.h */ = {isa = PBXFileReference; lastKnownFileType = sourcecode.c.h; path = SMSAPIManager.h; sourceTree = "<group>"; };
		926B991824052D5E0009A33B /* SMSAPIManager.m */ = {isa = PBXFileReference; lastKnownFileType = sourcecode.c.objc; path = SMSAPIManager.m; sourceTree = "<group>"; };
		926B991A24052D8A0009A33B /* ValidationAPIManager.h */ = {isa = PBXFileReference; lastKnownFileType = sourcecode.c.h; path = ValidationAPIManager.h; sourceTree = "<group>"; };
		926B991B24052D8A0009A33B /* ValidationAPIManager.m */ = {isa = PBXFileReference; lastKnownFileType = sourcecode.c.objc; path = ValidationAPIManager.m; sourceTree = "<group>"; };
		926B991D24052D9E0009A33B /* RegisterAPIManager.h */ = {isa = PBXFileReference; lastKnownFileType = sourcecode.c.h; path = RegisterAPIManager.h; sourceTree = "<group>"; };
		926B991E24052D9E0009A33B /* RegisterAPIManager.m */ = {isa = PBXFileReference; lastKnownFileType = sourcecode.c.objc; path = RegisterAPIManager.m; sourceTree = "<group>"; };
		926B992024052DAB0009A33B /* ResetAPIManager.h */ = {isa = PBXFileReference; lastKnownFileType = sourcecode.c.h; path = ResetAPIManager.h; sourceTree = "<group>"; };
		926B992124052DAB0009A33B /* ResetAPIManager.m */ = {isa = PBXFileReference; lastKnownFileType = sourcecode.c.objc; path = ResetAPIManager.m; sourceTree = "<group>"; };
		926B992324061CC90009A33B /* ChangePassword.xib */ = {isa = PBXFileReference; lastKnownFileType = file.xib; path = ChangePassword.xib; sourceTree = "<group>"; };
		926B9925240629F80009A33B /* ChangePasswordView.h */ = {isa = PBXFileReference; lastKnownFileType = sourcecode.c.h; path = ChangePasswordView.h; sourceTree = "<group>"; };
		926B9926240629F80009A33B /* ChangePasswordView.m */ = {isa = PBXFileReference; lastKnownFileType = sourcecode.c.objc; path = ChangePasswordView.m; sourceTree = "<group>"; };
		926B992824062C2F0009A33B /* CHangePasswordAPIManager.h */ = {isa = PBXFileReference; lastKnownFileType = sourcecode.c.h; path = CHangePasswordAPIManager.h; sourceTree = "<group>"; };
		926B992924062C2F0009A33B /* CHangePasswordAPIManager.m */ = {isa = PBXFileReference; lastKnownFileType = sourcecode.c.objc; path = CHangePasswordAPIManager.m; sourceTree = "<group>"; };
		BC3BD629DF56688F975F0D8C /* Pods-HYMusic_Login.debug.xcconfig */ = {isa = PBXFileReference; includeInIndex = 1; lastKnownFileType = text.xcconfig; name = "Pods-HYMusic_Login.debug.xcconfig"; path = "Target Support Files/Pods-HYMusic_Login/Pods-HYMusic_Login.debug.xcconfig"; sourceTree = "<group>"; };
		FDA996DE311BBA1E8FBACD7C /* Pods-HYMusic_Login.release.xcconfig */ = {isa = PBXFileReference; includeInIndex = 1; lastKnownFileType = text.xcconfig; name = "Pods-HYMusic_Login.release.xcconfig"; path = "Target Support Files/Pods-HYMusic_Login/Pods-HYMusic_Login.release.xcconfig"; sourceTree = "<group>"; };
/* End PBXFileReference section */

/* Begin PBXFrameworksBuildPhase section */
		9263906823C82115001CCB03 /* Frameworks */ = {
			isa = PBXFrameworksBuildPhase;
			buildActionMask = 2147483647;
			files = (
				4F0775E08644F9510B7B7234 /* Pods_HYMusic_Login.framework in Frameworks */,
			);
			runOnlyForDeploymentPostprocessing = 0;
		};
/* End PBXFrameworksBuildPhase section */

/* Begin PBXGroup section */
		921018E5240C9E6800B6CEEE /* LoginCategory */ = {
			isa = PBXGroup;
			children = (
				921018E9240C9EAA00B6CEEE /* CTMediator+HYLogin.h */,
				921018EA240C9EAA00B6CEEE /* CTMediator+HYLogin.m */,
			);
			path = LoginCategory;
			sourceTree = "<group>";
		};
		9263906223C82115001CCB03 = {
			isa = PBXGroup;
			children = (
				9263906D23C82115001CCB03 /* HYMusic_Login */,
				9263906C23C82115001CCB03 /* Products */,
				9263907A23C82115001CCB03 /* Assets.xcassets */,
				FDCB49567070EFFBB5E54CEA /* Pods */,
				C800745F7570E8AE064FA03E /* Frameworks */,
			);
			sourceTree = "<group>";
		};
		9263906C23C82115001CCB03 /* Products */ = {
			isa = PBXGroup;
			children = (
				9263906B23C82115001CCB03 /* HYMusic_Login.app */,
			);
			name = Products;
			sourceTree = "<group>";
		};
		9263906D23C82115001CCB03 /* HYMusic_Login */ = {
			isa = PBXGroup;
			children = (
				926B98D223D462290009A33B /* LoginAssets */,
				926390B223C82F7D001CCB03 /* HYMusic_Login */,
				926390C123C85A0D001CCB03 /* Category */,
				9263906E23C82115001CCB03 /* AppDelegate.h */,
				9263906F23C82115001CCB03 /* AppDelegate.m */,
				9263907123C82115001CCB03 /* SceneDelegate.h */,
				9263907223C82115001CCB03 /* SceneDelegate.m */,
				9263907423C82115001CCB03 /* ViewController.h */,
				9263907523C82115001CCB03 /* ViewController.m */,
				926B98CA23D450870009A33B /* Target_ZYAppContext.h */,
				926B98CB23D450870009A33B /* Target_ZYAppContext.m */,
				9263907723C82115001CCB03 /* Main.storyboard */,
				9263907C23C82115001CCB03 /* LaunchScreen.storyboard */,
				9263907F23C82115001CCB03 /* Info.plist */,
				9263908023C82115001CCB03 /* main.m */,
			);
			path = HYMusic_Login;
			sourceTree = "<group>";
		};
		926390B223C82F7D001CCB03 /* HYMusic_Login */ = {
			isa = PBXGroup;
			children = (
				921018E5240C9E6800B6CEEE /* LoginCategory */,
				926B990C240511C30009A33B /* LoginManager */,
				926390C723C87431001CCB03 /* LoginController */,
				926B98D023D453940009A33B /* LoginView */,
				926B98D123D453940009A33B /* LoginViewModel */,
				926390C523C87431001CCB03 /* LoginServer */,
				926390B323C830FC001CCB03 /* Targets */,
			);
			path = HYMusic_Login;
			sourceTree = "<group>";
		};
		926390B323C830FC001CCB03 /* Targets */ = {
			isa = PBXGroup;
			children = (
				926B98FB2403A0CE0009A33B /* Target_Login.h */,
				926B98FC2403A0CE0009A33B /* Target_Login.m */,
			);
			path = Targets;
			sourceTree = "<group>";
		};
		926390C123C85A0D001CCB03 /* Category */ = {
			isa = PBXGroup;
			children = (
				926390C223C85A0D001CCB03 /* CTMediator+Login.h */,
				926390C323C85A0D001CCB03 /* CTMediator+Login.m */,
			);
			path = Category;
			sourceTree = "<group>";
		};
		926390C523C87431001CCB03 /* LoginServer */ = {
			isa = PBXGroup;
			children = (
				926B99022404D7210009A33B /* LoginService.h */,
				926B99032404D7210009A33B /* LoginService.m */,
				926B990624050F850009A33B /* Target_LoginService.h */,
				926B990724050F850009A33B /* Target_LoginService.m */,
			);
			path = LoginServer;
			sourceTree = "<group>";
		};
		926390C723C87431001CCB03 /* LoginController */ = {
			isa = PBXGroup;
			children = (
				926B98CD23D450F10009A33B /* LoginViewController.h */,
				926B98CE23D450F10009A33B /* LoginViewController.m */,
			);
			path = LoginController;
			sourceTree = "<group>";
		};
		926B98D023D453940009A33B /* LoginView */ = {
			isa = PBXGroup;
			children = (
				926B98E723D463D80009A33B /* LoginView.h */,
				926B98E823D463D80009A33B /* LoginView.m */,
				926B98F124037BAA0009A33B /* RegisterView.h */,
				926B98F224037BAA0009A33B /* RegisterView.m */,
				926B98F6240381230009A33B /* resetView.h */,
				926B98F7240381230009A33B /* resetView.m */,
				926B9925240629F80009A33B /* ChangePasswordView.h */,
				926B9926240629F80009A33B /* ChangePasswordView.m */,
				926B98FE2403BD380009A33B /* LoginViewFactory.h */,
				926B98FF2403BD380009A33B /* LoginViewFactory.m */,
			);
			path = LoginView;
			sourceTree = "<group>";
		};
		926B98D123D453940009A33B /* LoginViewModel */ = {
			isa = PBXGroup;
			children = (
				926B991024051BB50009A33B /* LoginViewModel.h */,
				926B991124051BB50009A33B /* LoginViewModel.m */,
				926B9916240524990009A33B /* LoginViewModelKey.h */,
			);
			path = LoginViewModel;
			sourceTree = "<group>";
		};
		926B98D223D462290009A33B /* LoginAssets */ = {
			isa = PBXGroup;
			children = (
				926B98EC24036E570009A33B /* loginIcon.png */,
				926B98DB23D463870009A33B /* 登陆按钮.png */,
				926B98DA23D463870009A33B /* 密码.png */,
				926B98DC23D463870009A33B /* 微博登录.png */,
				926B98D623D463870009A33B /* 微信登录.png */,
				926B98D323D463860009A33B /* 手机号.png */,
				926B98D923D463870009A33B /* 验证码.png */,
				926B98D423D463860009A33B /* 验证码按钮.png */,
				926B98D723D463870009A33B /* 隐藏密码.png */,
				926B98D823D463870009A33B /* 展示密码.png */,
				926B98D523D463870009A33B /* QQ登录.png */,
				926B98EA24036D200009A33B /* HYLoginView.xib */,
				926B98F92403812F0009A33B /* resetView.xib */,
				926B98F424037CD80009A33B /* registerView.xib */,
				926B992324061CC90009A33B /* ChangePassword.xib */,
			);
			path = LoginAssets;
			sourceTree = "<group>";
		};
		926B990C240511C30009A33B /* LoginManager */ = {
			isa = PBXGroup;
			children = (
				926B990D240511F00009A33B /* LoginAPIManager.h */,
				926B990E240511F00009A33B /* LoginAPIManager.m */,
				926B991724052D5E0009A33B /* SMSAPIManager.h */,
				926B991824052D5E0009A33B /* SMSAPIManager.m */,
				926B991A24052D8A0009A33B /* ValidationAPIManager.h */,
				926B991B24052D8A0009A33B /* ValidationAPIManager.m */,
				926B991D24052D9E0009A33B /* RegisterAPIManager.h */,
				926B991E24052D9E0009A33B /* RegisterAPIManager.m */,
				926B992024052DAB0009A33B /* ResetAPIManager.h */,
				926B992124052DAB0009A33B /* ResetAPIManager.m */,
				926B992824062C2F0009A33B /* CHangePasswordAPIManager.h */,
				926B992924062C2F0009A33B /* CHangePasswordAPIManager.m */,
			);
			path = LoginManager;
			sourceTree = "<group>";
		};
		C800745F7570E8AE064FA03E /* Frameworks */ = {
			isa = PBXGroup;
			children = (
				3019209CFBA6CD2537893D7F /* Pods_HYMusic_Login.framework */,
			);
			name = Frameworks;
			sourceTree = "<group>";
		};
		FDCB49567070EFFBB5E54CEA /* Pods */ = {
			isa = PBXGroup;
			children = (
				BC3BD629DF56688F975F0D8C /* Pods-HYMusic_Login.debug.xcconfig */,
				FDA996DE311BBA1E8FBACD7C /* Pods-HYMusic_Login.release.xcconfig */,
			);
			path = Pods;
			sourceTree = "<group>";
		};
/* End PBXGroup section */

/* Begin PBXNativeTarget section */
		9263906A23C82115001CCB03 /* HYMusic_Login */ = {
			isa = PBXNativeTarget;
			buildConfigurationList = 9263908423C82115001CCB03 /* Build configuration list for PBXNativeTarget "HYMusic_Login" */;
			buildPhases = (
				890B279CC8FE86A7721C1E1A /* [CP] Check Pods Manifest.lock */,
				9263906723C82115001CCB03 /* Sources */,
				9263906823C82115001CCB03 /* Frameworks */,
				9263906923C82115001CCB03 /* Resources */,
				F874DE180BC080F782821336 /* [CP] Embed Pods Frameworks */,
			);
			buildRules = (
			);
			dependencies = (
			);
			name = HYMusic_Login;
			productName = HYMusic_Login;
			productReference = 9263906B23C82115001CCB03 /* HYMusic_Login.app */;
			productType = "com.apple.product-type.application";
		};
/* End PBXNativeTarget section */

/* Begin PBXProject section */
		9263906323C82115001CCB03 /* Project object */ = {
			isa = PBXProject;
			attributes = {
				LastUpgradeCheck = 1130;
				ORGANIZATIONNAME = evan;
				TargetAttributes = {
					9263906A23C82115001CCB03 = {
						CreatedOnToolsVersion = 11.3;
					};
				};
			};
			buildConfigurationList = 9263906623C82115001CCB03 /* Build configuration list for PBXProject "HYMusic_Login" */;
			compatibilityVersion = "Xcode 9.3";
			developmentRegion = en;
			hasScannedForEncodings = 0;
			knownRegions = (
				en,
				Base,
			);
			mainGroup = 9263906223C82115001CCB03;
			productRefGroup = 9263906C23C82115001CCB03 /* Products */;
			projectDirPath = "";
			projectRoot = "";
			targets = (
				9263906A23C82115001CCB03 /* HYMusic_Login */,
			);
		};
/* End PBXProject section */

/* Begin PBXResourcesBuildPhase section */
		9263906923C82115001CCB03 /* Resources */ = {
			isa = PBXResourcesBuildPhase;
			buildActionMask = 2147483647;
			files = (
				926B98DE23D463870009A33B /* 验证码按钮.png in Resources */,
				926B98F524037CD80009A33B /* registerView.xib in Resources */,
				926B98FA2403812F0009A33B /* resetView.xib in Resources */,
				926B98E123D463870009A33B /* 隐藏密码.png in Resources */,
				926B992424061CC90009A33B /* ChangePassword.xib in Resources */,
				9263907E23C82115001CCB03 /* LaunchScreen.storyboard in Resources */,
				9263907B23C82115001CCB03 /* Assets.xcassets in Resources */,
				926B98E023D463870009A33B /* 微信登录.png in Resources */,
				926B98DF23D463870009A33B /* QQ登录.png in Resources */,
				926B98E223D463870009A33B /* 展示密码.png in Resources */,
				926B98E423D463870009A33B /* 密码.png in Resources */,
				926B98DD23D463870009A33B /* 手机号.png in Resources */,
				926B98E623D463870009A33B /* 微博登录.png in Resources */,
				926B98EB24036D200009A33B /* HYLoginView.xib in Resources */,
				926B98E323D463870009A33B /* 验证码.png in Resources */,
				9263907923C82115001CCB03 /* Main.storyboard in Resources */,
				926B98ED24036E570009A33B /* loginIcon.png in Resources */,
				926B98E523D463870009A33B /* 登陆按钮.png in Resources */,
			);
			runOnlyForDeploymentPostprocessing = 0;
		};
/* End PBXResourcesBuildPhase section */

/* Begin PBXShellScriptBuildPhase section */
		890B279CC8FE86A7721C1E1A /* [CP] Check Pods Manifest.lock */ = {
			isa = PBXShellScriptBuildPhase;
			buildActionMask = 2147483647;
			files = (
			);
			inputFileListPaths = (
			);
			inputPaths = (
				"${PODS_PODFILE_DIR_PATH}/Podfile.lock",
				"${PODS_ROOT}/Manifest.lock",
			);
			name = "[CP] Check Pods Manifest.lock";
			outputFileListPaths = (
			);
			outputPaths = (
				"$(DERIVED_FILE_DIR)/Pods-HYMusic_Login-checkManifestLockResult.txt",
			);
			runOnlyForDeploymentPostprocessing = 0;
			shellPath = /bin/sh;
			shellScript = "diff \"${PODS_PODFILE_DIR_PATH}/Podfile.lock\" \"${PODS_ROOT}/Manifest.lock\" > /dev/null\nif [ $? != 0 ] ; then\n    # print error to STDERR\n    echo \"error: The sandbox is not in sync with the Podfile.lock. Run 'pod install' or update your CocoaPods installation.\" >&2\n    exit 1\nfi\n# This output is used by Xcode 'outputs' to avoid re-running this script phase.\necho \"SUCCESS\" > \"${SCRIPT_OUTPUT_FILE_0}\"\n";
			showEnvVarsInLog = 0;
		};
		F874DE180BC080F782821336 /* [CP] Embed Pods Frameworks */ = {
			isa = PBXShellScriptBuildPhase;
			buildActionMask = 2147483647;
			files = (
			);
			inputFileListPaths = (
				"${PODS_ROOT}/Target Support Files/Pods-HYMusic_Login/Pods-HYMusic_Login-frameworks-${CONFIGURATION}-input-files.xcfilelist",
			);
			name = "[CP] Embed Pods Frameworks";
			outputFileListPaths = (
				"${PODS_ROOT}/Target Support Files/Pods-HYMusic_Login/Pods-HYMusic_Login-frameworks-${CONFIGURATION}-output-files.xcfilelist",
			);
			runOnlyForDeploymentPostprocessing = 0;
			shellPath = /bin/sh;
			shellScript = "\"${PODS_ROOT}/Target Support Files/Pods-HYMusic_Login/Pods-HYMusic_Login-frameworks.sh\"\n";
			showEnvVarsInLog = 0;
		};
/* End PBXShellScriptBuildPhase section */

/* Begin PBXSourcesBuildPhase section */
		9263906723C82115001CCB03 /* Sources */ = {
			isa = PBXSourcesBuildPhase;
			buildActionMask = 2147483647;
			files = (
				921018EB240C9EAA00B6CEEE /* CTMediator+HYLogin.m in Sources */,
				926B991224051BB50009A33B /* LoginViewModel.m in Sources */,
				926B991C24052D8A0009A33B /* ValidationAPIManager.m in Sources */,
				926B98F8240381230009A33B /* resetView.m in Sources */,
				926B990F240511F00009A33B /* LoginAPIManager.m in Sources */,
				9263907623C82115001CCB03 /* ViewController.m in Sources */,
				9263907023C82115001CCB03 /* AppDelegate.m in Sources */,
				926B99042404D7210009A33B /* LoginService.m in Sources */,
				926B98FD2403A0CE0009A33B /* Target_Login.m in Sources */,
				9263908123C82115001CCB03 /* main.m in Sources */,
				926B991F24052D9E0009A33B /* RegisterAPIManager.m in Sources */,
				926B990824050F850009A33B /* Target_LoginService.m in Sources */,
				926B98F324037BAA0009A33B /* RegisterView.m in Sources */,
				926B992224052DAB0009A33B /* ResetAPIManager.m in Sources */,
				926B992A24062C2F0009A33B /* CHangePasswordAPIManager.m in Sources */,
				926B98CF23D450F10009A33B /* LoginViewController.m in Sources */,
				9263907323C82115001CCB03 /* SceneDelegate.m in Sources */,
				926B991924052D5E0009A33B /* SMSAPIManager.m in Sources */,
				926B9927240629F80009A33B /* ChangePasswordView.m in Sources */,
				926390C423C85A0D001CCB03 /* CTMediator+Login.m in Sources */,
				926B99002403BD380009A33B /* LoginViewFactory.m in Sources */,
				926B98E923D463D80009A33B /* LoginView.m in Sources */,
				926B98CC23D450880009A33B /* Target_ZYAppContext.m in Sources */,
			);
			runOnlyForDeploymentPostprocessing = 0;
		};
/* End PBXSourcesBuildPhase section */

/* Begin PBXVariantGroup section */
		9263907723C82115001CCB03 /* Main.storyboard */ = {
			isa = PBXVariantGroup;
			children = (
				9263907823C82115001CCB03 /* Base */,
			);
			name = Main.storyboard;
			sourceTree = "<group>";
		};
		9263907C23C82115001CCB03 /* LaunchScreen.storyboard */ = {
			isa = PBXVariantGroup;
			children = (
				9263907D23C82115001CCB03 /* Base */,
			);
			name = LaunchScreen.storyboard;
			sourceTree = "<group>";
		};
/* End PBXVariantGroup section */

/* Begin XCBuildConfiguration section */
		9263908223C82115001CCB03 /* Debug */ = {
			isa = XCBuildConfiguration;
			buildSettings = {
				ALWAYS_SEARCH_USER_PATHS = NO;
				CLANG_ANALYZER_NONNULL = YES;
				CLANG_ANALYZER_NUMBER_OBJECT_CONVERSION = YES_AGGRESSIVE;
				CLANG_CXX_LANGUAGE_STANDARD = "gnu++14";
				CLANG_CXX_LIBRARY = "libc++";
				CLANG_ENABLE_MODULES = YES;
				CLANG_ENABLE_OBJC_ARC = YES;
				CLANG_ENABLE_OBJC_WEAK = YES;
				CLANG_WARN_BLOCK_CAPTURE_AUTORELEASING = YES;
				CLANG_WARN_BOOL_CONVERSION = YES;
				CLANG_WARN_COMMA = YES;
				CLANG_WARN_CONSTANT_CONVERSION = YES;
				CLANG_WARN_DEPRECATED_OBJC_IMPLEMENTATIONS = YES;
				CLANG_WARN_DIRECT_OBJC_ISA_USAGE = YES_ERROR;
				CLANG_WARN_DOCUMENTATION_COMMENTS = YES;
				CLANG_WARN_EMPTY_BODY = YES;
				CLANG_WARN_ENUM_CONVERSION = YES;
				CLANG_WARN_INFINITE_RECURSION = YES;
				CLANG_WARN_INT_CONVERSION = YES;
				CLANG_WARN_NON_LITERAL_NULL_CONVERSION = YES;
				CLANG_WARN_OBJC_IMPLICIT_RETAIN_SELF = YES;
				CLANG_WARN_OBJC_LITERAL_CONVERSION = YES;
				CLANG_WARN_OBJC_ROOT_CLASS = YES_ERROR;
				CLANG_WARN_RANGE_LOOP_ANALYSIS = YES;
				CLANG_WARN_STRICT_PROTOTYPES = YES;
				CLANG_WARN_SUSPICIOUS_MOVE = YES;
				CLANG_WARN_UNGUARDED_AVAILABILITY = YES_AGGRESSIVE;
				CLANG_WARN_UNREACHABLE_CODE = YES;
				CLANG_WARN__DUPLICATE_METHOD_MATCH = YES;
				COPY_PHASE_STRIP = NO;
				DEBUG_INFORMATION_FORMAT = dwarf;
				ENABLE_STRICT_OBJC_MSGSEND = YES;
				ENABLE_TESTABILITY = YES;
				GCC_C_LANGUAGE_STANDARD = gnu11;
				GCC_DYNAMIC_NO_PIC = NO;
				GCC_NO_COMMON_BLOCKS = YES;
				GCC_OPTIMIZATION_LEVEL = 0;
				GCC_PREPROCESSOR_DEFINITIONS = (
					"DEBUG=1",
					"$(inherited)",
				);
				GCC_WARN_64_TO_32_BIT_CONVERSION = YES;
				GCC_WARN_ABOUT_RETURN_TYPE = YES_ERROR;
				GCC_WARN_UNDECLARED_SELECTOR = YES;
				GCC_WARN_UNINITIALIZED_AUTOS = YES_AGGRESSIVE;
				GCC_WARN_UNUSED_FUNCTION = YES;
				GCC_WARN_UNUSED_VARIABLE = YES;
				IPHONEOS_DEPLOYMENT_TARGET = 13.2;
				MTL_ENABLE_DEBUG_INFO = INCLUDE_SOURCE;
				MTL_FAST_MATH = YES;
				ONLY_ACTIVE_ARCH = YES;
				SDKROOT = iphoneos;
			};
			name = Debug;
		};
		9263908323C82115001CCB03 /* Release */ = {
			isa = XCBuildConfiguration;
			buildSettings = {
				ALWAYS_SEARCH_USER_PATHS = NO;
				CLANG_ANALYZER_NONNULL = YES;
				CLANG_ANALYZER_NUMBER_OBJECT_CONVERSION = YES_AGGRESSIVE;
				CLANG_CXX_LANGUAGE_STANDARD = "gnu++14";
				CLANG_CXX_LIBRARY = "libc++";
				CLANG_ENABLE_MODULES = YES;
				CLANG_ENABLE_OBJC_ARC = YES;
				CLANG_ENABLE_OBJC_WEAK = YES;
				CLANG_WARN_BLOCK_CAPTURE_AUTORELEASING = YES;
				CLANG_WARN_BOOL_CONVERSION = YES;
				CLANG_WARN_COMMA = YES;
				CLANG_WARN_CONSTANT_CONVERSION = YES;
				CLANG_WARN_DEPRECATED_OBJC_IMPLEMENTATIONS = YES;
				CLANG_WARN_DIRECT_OBJC_ISA_USAGE = YES_ERROR;
				CLANG_WARN_DOCUMENTATION_COMMENTS = YES;
				CLANG_WARN_EMPTY_BODY = YES;
				CLANG_WARN_ENUM_CONVERSION = YES;
				CLANG_WARN_INFINITE_RECURSION = YES;
				CLANG_WARN_INT_CONVERSION = YES;
				CLANG_WARN_NON_LITERAL_NULL_CONVERSION = YES;
				CLANG_WARN_OBJC_IMPLICIT_RETAIN_SELF = YES;
				CLANG_WARN_OBJC_LITERAL_CONVERSION = YES;
				CLANG_WARN_OBJC_ROOT_CLASS = YES_ERROR;
				CLANG_WARN_RANGE_LOOP_ANALYSIS = YES;
				CLANG_WARN_STRICT_PROTOTYPES = YES;
				CLANG_WARN_SUSPICIOUS_MOVE = YES;
				CLANG_WARN_UNGUARDED_AVAILABILITY = YES_AGGRESSIVE;
				CLANG_WARN_UNREACHABLE_CODE = YES;
				CLANG_WARN__DUPLICATE_METHOD_MATCH = YES;
				COPY_PHASE_STRIP = NO;
				DEBUG_INFORMATION_FORMAT = "dwarf-with-dsym";
				ENABLE_NS_ASSERTIONS = NO;
				ENABLE_STRICT_OBJC_MSGSEND = YES;
				GCC_C_LANGUAGE_STANDARD = gnu11;
				GCC_NO_COMMON_BLOCKS = YES;
				GCC_WARN_64_TO_32_BIT_CONVERSION = YES;
				GCC_WARN_ABOUT_RETURN_TYPE = YES_ERROR;
				GCC_WARN_UNDECLARED_SELECTOR = YES;
				GCC_WARN_UNINITIALIZED_AUTOS = YES_AGGRESSIVE;
				GCC_WARN_UNUSED_FUNCTION = YES;
				GCC_WARN_UNUSED_VARIABLE = YES;
				IPHONEOS_DEPLOYMENT_TARGET = 13.2;
				MTL_ENABLE_DEBUG_INFO = NO;
				MTL_FAST_MATH = YES;
				SDKROOT = iphoneos;
				VALIDATE_PRODUCT = YES;
			};
			name = Release;
		};
		9263908523C82115001CCB03 /* Debug */ = {
			isa = XCBuildConfiguration;
			baseConfigurationReference = BC3BD629DF56688F975F0D8C /* Pods-HYMusic_Login.debug.xcconfig */;
			buildSettings = {
				ASSETCATALOG_COMPILER_APPICON_NAME = AppIcon;
				CODE_SIGN_STYLE = Automatic;
				DEVELOPMENT_TEAM = X26ZD3P2LV;
				INFOPLIST_FILE = HYMusic_Login/Info.plist;
				IPHONEOS_DEPLOYMENT_TARGET = 9.0;
				LD_RUNPATH_SEARCH_PATHS = (
					"$(inherited)",
					"@executable_path/Frameworks",
				);
				PRODUCT_BUNDLE_IDENTIFIER = "evan.HYMusic-Login";
				PRODUCT_NAME = "$(TARGET_NAME)";
				TARGETED_DEVICE_FAMILY = 1;
			};
			name = Debug;
		};
		9263908623C82115001CCB03 /* Release */ = {
			isa = XCBuildConfiguration;
			baseConfigurationReference = FDA996DE311BBA1E8FBACD7C /* Pods-HYMusic_Login.release.xcconfig */;
			buildSettings = {
				ASSETCATALOG_COMPILER_APPICON_NAME = AppIcon;
				CODE_SIGN_STYLE = Automatic;
				DEVELOPMENT_TEAM = X26ZD3P2LV;
				INFOPLIST_FILE = HYMusic_Login/Info.plist;
				IPHONEOS_DEPLOYMENT_TARGET = 9.0;
				LD_RUNPATH_SEARCH_PATHS = (
					"$(inherited)",
					"@executable_path/Frameworks",
				);
				PRODUCT_BUNDLE_IDENTIFIER = "evan.HYMusic-Login";
				PRODUCT_NAME = "$(TARGET_NAME)";
				TARGETED_DEVICE_FAMILY = 1;
			};
			name = Release;
		};
/* End XCBuildConfiguration section */

/* Begin XCConfigurationList section */
		9263906623C82115001CCB03 /* Build configuration list for PBXProject "HYMusic_Login" */ = {
			isa = XCConfigurationList;
			buildConfigurations = (
				9263908223C82115001CCB03 /* Debug */,
				9263908323C82115001CCB03 /* Release */,
			);
			defaultConfigurationIsVisible = 0;
			defaultConfigurationName = Release;
		};
		9263908423C82115001CCB03 /* Build configuration list for PBXNativeTarget "HYMusic_Login" */ = {
			isa = XCConfigurationList;
			buildConfigurations = (
				9263908523C82115001CCB03 /* Debug */,
				9263908623C82115001CCB03 /* Release */,
			);
			defaultConfigurationIsVisible = 0;
			defaultConfigurationName = Release;
		};
/* End XCConfigurationList section */
	};
	rootObject = 9263906323C82115001CCB03 /* Project object */;
}
